
Microsoft Visual Studio Solution File, Format Version 12.00
# Visual Studio Version 17
VisualStudioVersion = 17.6.33815.320
MinimumVisualStudioVersion = 10.0.40219.1
Project("{FAE04EC0-301F-11D3-BF4B-00C04F79EFBC}") = "descript", "descript\descript.csproj", "{7096F63C-B4E3-4CD5-8F50-D62DC75AB2C3}"
EndProject
Global
	GlobalSection(SolutionConfigurationPlatforms) = preSolution
		Debug|Any CPU = Debug|Any CPU
		Release|Any CPU = Release|Any CPU
	EndGlobalSection
	GlobalSection(ProjectConfigurationPlatforms) = postSolution
		{7096F63C-B4E3-4CD5-8F50-D62DC75AB2C3}.Debug|Any CPU.ActiveCfg = Debug|Any CPU
		{7096F63C-B4E3-4CD5-8F50-D62DC75AB2C3}.Debug|Any CPU.Build.0 = Debug|Any CPU
		{7096F63C-B4E3-4CD5-8F50-D62DC75AB2C3}.Release|Any CPU.ActiveCfg = Release|Any CPU
		{7096F63C-B4E3-4CD5-8F50-D62DC75AB2C3}.Release|Any CPU.Build.0 = Release|Any CPU
	EndGlobalSection
	GlobalSection(SolutionProperties) = preSolution
		HideSolutionNode = FALSE
	EndGlobalSection
	GlobalSection(ExtensibilityGlobals) = postSolution
		SolutionGuid = {9E6EC5A6-7C8C-42D8-ABB4-9F064C722742}
	EndGlobalSection
EndGlobal
